// !$*UTF8*$!
{
	archiveVersion = 1;
	classes = {
	};
	objectVersion = 46;
	objects = {

/* Begin PBXBuildFile section */
		1BA775CB1D18121A0072953B /* SharedObj.m in Sources */ = {isa = PBXBuildFile; fileRef = 1BA775CA1D18121A0072953B /* SharedObj.m */; };
		1BE9630A1D0EB11A00511EB0 /* main.m in Sources */ = {isa = PBXBuildFile; fileRef = 1BE963091D0EB11A00511EB0 /* main.m */; };
		1BE9630D1D0EB11A00511EB0 /* AppDelegate.m in Sources */ = {isa = PBXBuildFile; fileRef = 1BE9630C1D0EB11A00511EB0 /* AppDelegate.m */; };
		1BE963101D0EB11A00511EB0 /* ViewController.m in Sources */ = {isa = PBXBuildFile; fileRef = 1BE9630F1D0EB11A00511EB0 /* ViewController.m */; };
		1BE963161D0EB11A00511EB0 /* QDC_PoC.xcdatamodeld in Sources */ = {isa = PBXBuildFile; fileRef = 1BE963141D0EB11A00511EB0 /* QDC_PoC.xcdatamodeld */; };
		1BE963181D0EB11A00511EB0 /* Assets.xcassets in Resources */ = {isa = PBXBuildFile; fileRef = 1BE963171D0EB11A00511EB0 /* Assets.xcassets */; };
		1BE9631B1D0EB11A00511EB0 /* LaunchScreen.storyboard in Resources */ = {isa = PBXBuildFile; fileRef = 1BE963191D0EB11A00511EB0 /* LaunchScreen.storyboard */; };
		1BE963261D0EB11A00511EB0 /* QDC_PoCTests.m in Sources */ = {isa = PBXBuildFile; fileRef = 1BE963251D0EB11A00511EB0 /* QDC_PoCTests.m */; };
		1BE963311D0EB11A00511EB0 /* QDC_PoCUITests.m in Sources */ = {isa = PBXBuildFile; fileRef = 1BE963301D0EB11A00511EB0 /* QDC_PoCUITests.m */; };
		1BE9633F1D0EB25300511EB0 /* logo.png in Resources */ = {isa = PBXBuildFile; fileRef = 1BE9633E1D0EB25300511EB0 /* logo.png */; };
		1BE963411D0EB59C00511EB0 /* client.png in Resources */ = {isa = PBXBuildFile; fileRef = 1BE963401D0EB59C00511EB0 /* client.png */; };
		1BE963431D0EB63B00511EB0 /* team.png in Resources */ = {isa = PBXBuildFile; fileRef = 1BE963421D0EB63B00511EB0 /* team.png */; };
		1BE963451D0ED36300511EB0 /* management.png in Resources */ = {isa = PBXBuildFile; fileRef = 1BE963441D0ED36300511EB0 /* management.png */; };
		1BE963471D0EDA4400511EB0 /* company_profile.png in Resources */ = {isa = PBXBuildFile; fileRef = 1BE963461D0EDA4400511EB0 /* company_profile.png */; };
		1BE963491D0EDB4C00511EB0 /* organisation.png in Resources */ = {isa = PBXBuildFile; fileRef = 1BE963481D0EDB4C00511EB0 /* organisation.png */; };
		1BE9634B1D0EDC0100511EB0 /* portfolia.png in Resources */ = {isa = PBXBuildFile; fileRef = 1BE9634A1D0EDC0100511EB0 /* portfolia.png */; };
		1BE963511D0EE3C200511EB0 /* KVNProgress.m in Sources */ = {isa = PBXBuildFile; fileRef = 1BE9634E1D0EE3C200511EB0 /* KVNProgress.m */; };
		1BE963521D0EE3C200511EB0 /* KVNProgressConfiguration.m in Sources */ = {isa = PBXBuildFile; fileRef = 1BE963501D0EE3C200511EB0 /* KVNProgressConfiguration.m */; };
		1BE9635C1D0EE42D00511EB0 /* UIColor+KVNContrast.m in Sources */ = {isa = PBXBuildFile; fileRef = 1BE963551D0EE42D00511EB0 /* UIColor+KVNContrast.m */; };
		1BE9635D1D0EE42D00511EB0 /* UIImage+KVNEmpty.m in Sources */ = {isa = PBXBuildFile; fileRef = 1BE963571D0EE42D00511EB0 /* UIImage+KVNEmpty.m */; };
		1BE9635E1D0EE42D00511EB0 /* UIImage+KVNImageEffects.m in Sources */ = {isa = PBXBuildFile; fileRef = 1BE963591D0EE42D00511EB0 /* UIImage+KVNImageEffects.m */; };
		1BE9635F1D0EE42D00511EB0 /* KVNProgressView.xib in Resources */ = {isa = PBXBuildFile; fileRef = 1BE9635B1D0EE42D00511EB0 /* KVNProgressView.xib */; };
		1BE963651D0EE6DD00511EB0 /* BIZCircularTransitionAnimator.m in Sources */ = {isa = PBXBuildFile; fileRef = 1BE963621D0EE6DD00511EB0 /* BIZCircularTransitionAnimator.m */; };
		1BE963661D0EE6DD00511EB0 /* BIZCircularTransitionHandler.m in Sources */ = {isa = PBXBuildFile; fileRef = 1BE963641D0EE6DD00511EB0 /* BIZCircularTransitionHandler.m */; };
		1BE963691D0EE74F00511EB0 /* ProjectListingTableViewController.m in Sources */ = {isa = PBXBuildFile; fileRef = 1BE963681D0EE74F00511EB0 /* ProjectListingTableViewController.m */; };
		1BEC08731D0FE2E3008CF17F /* 1242x2208.jpg in Resources */ = {isa = PBXBuildFile; fileRef = 1BEC08721D0FE2E3008CF17F /* 1242x2208.jpg */; };
		1BEC08761D0FF20F008CF17F /* ProjectListingTableViewCell.m in Sources */ = {isa = PBXBuildFile; fileRef = 1BEC08751D0FF20F008CF17F /* ProjectListingTableViewCell.m */; };
		1BEC08781D1003DE008CF17F /* QDC_TempData.plist in Resources */ = {isa = PBXBuildFile; fileRef = 1BEC08771D1003DE008CF17F /* QDC_TempData.plist */; };
		1BEC08861D101A75008CF17F /* FMDatabase.m in Sources */ = {isa = PBXBuildFile; fileRef = 1BEC087B1D101A75008CF17F /* FMDatabase.m */; };
		1BEC08871D101A75008CF17F /* FMDatabaseAdditions.m in Sources */ = {isa = PBXBuildFile; fileRef = 1BEC087D1D101A75008CF17F /* FMDatabaseAdditions.m */; };
		1BEC08881D101A75008CF17F /* FMDatabasePool.m in Sources */ = {isa = PBXBuildFile; fileRef = 1BEC087F1D101A75008CF17F /* FMDatabasePool.m */; };
		1BEC08891D101A75008CF17F /* FMDatabaseQueue.m in Sources */ = {isa = PBXBuildFile; fileRef = 1BEC08811D101A75008CF17F /* FMDatabaseQueue.m */; };
		1BEC088A1D101A75008CF17F /* FMResultSet.m in Sources */ = {isa = PBXBuildFile; fileRef = 1BEC08841D101A75008CF17F /* FMResultSet.m */; };
		1BEC088B1D101A75008CF17F /* Info.plist in Resources */ = {isa = PBXBuildFile; fileRef = 1BEC08851D101A75008CF17F /* Info.plist */; };
		1BEC08901D101AD3008CF17F /* libsqlite3.0.tbd in Frameworks */ = {isa = PBXBuildFile; fileRef = 1BEC088C1D101AA0008CF17F /* libsqlite3.0.tbd */; };
		1BEC08931D103270008CF17F /* ProjectDetails.m in Sources */ = {isa = PBXBuildFile; fileRef = 1BEC08921D103270008CF17F /* ProjectDetails.m */; };
		1BED80421D1160D400D72355 /* UserDatabase.sqlite in Resources */ = {isa = PBXBuildFile; fileRef = 1BED80411D1160D400D72355 /* UserDatabase.sqlite */; };
		1BEDBF711D128C62009131A0 /* MainTabBarController.m in Sources */ = {isa = PBXBuildFile; fileRef = 1BEDBF701D128C62009131A0 /* MainTabBarController.m */; };
		1BEDBF741D128E42009131A0 /* CompletedViewController.m in Sources */ = {isa = PBXBuildFile; fileRef = 1BEDBF731D128E42009131A0 /* CompletedViewController.m */; };
		1BEDBF781D129194009131A0 /* bug@2x.png in Resources */ = {isa = PBXBuildFile; fileRef = 1BEDBF771D129194009131A0 /* bug@2x.png */; };
		1BEDBF7A1D12A5B3009131A0 /* Progress1.png in Resources */ = {isa = PBXBuildFile; fileRef = 1BEDBF791D12A5B3009131A0 /* Progress1.png */; };
		1BEDBF7C1D12A8B0009131A0 /* completed@2x.png in Resources */ = {isa = PBXBuildFile; fileRef = 1BEDBF7B1D12A8B0009131A0 /* completed@2x.png */; };
		1BEDBF7E1D12A9A9009131A0 /* pending@2x.png in Resources */ = {isa = PBXBuildFile; fileRef = 1BEDBF7D1D12A9A9009131A0 /* pending@2x.png */; };
		1BEDBF801D12A9CA009131A0 /* Progress@2x.png in Resources */ = {isa = PBXBuildFile; fileRef = 1BEDBF7F1D12A9CA009131A0 /* Progress@2x.png */; };
		1BF19F211D13CB960069D7AA /* OverallStatusTableViewController.m in Sources */ = {isa = PBXBuildFile; fileRef = 1BF19F201D13CB960069D7AA /* OverallStatusTableViewController.m */; };
		1BF19F291D13D24D0069D7AA /* ProjectDetailsTableViewCell.m in Sources */ = {isa = PBXBuildFile; fileRef = 1BF19F281D13D24D0069D7AA /* ProjectDetailsTableViewCell.m */; };
		1BF19F2A1D13D4350069D7AA /* Main.storyboard in Resources */ = {isa = PBXBuildFile; fileRef = 1BE963111D0EB11A00511EB0 /* Main.storyboard */; };
		1BF19F2D1D13D98B0069D7AA /* ProInfoTableViewCell.m in Sources */ = {isa = PBXBuildFile; fileRef = 1BF19F2C1D13D98B0069D7AA /* ProInfoTableViewCell.m */; };
		1BF19F7C1D142D320069D7AA /* XYPieChart.m in Sources */ = {isa = PBXBuildFile; fileRef = 1BF19F7B1D142D320069D7AA /* XYPieChart.m */; };
		1BF19F7E1D142F250069D7AA /* QuartzCore.framework in Frameworks */ = {isa = PBXBuildFile; fileRef = 1BF19F7D1D142F250069D7AA /* QuartzCore.framework */; };
		1BF19FB61D1434280069D7AA /* PNPieChart.m in Sources */ = {isa = PBXBuildFile; fileRef = 1BF19FB31D1434280069D7AA /* PNPieChart.m */; };
		1BF19FB71D1434280069D7AA /* PNPieChartDataItem.m in Sources */ = {isa = PBXBuildFile; fileRef = 1BF19FB51D1434280069D7AA /* PNPieChartDataItem.m */; };
		1BF19FBA1D1434380069D7AA /* PNColor.m in Sources */ = {isa = PBXBuildFile; fileRef = 1BF19FB91D1434380069D7AA /* PNColor.m */; };
		1BF19FBD1D14344A0069D7AA /* PNGenericChart.m in Sources */ = {isa = PBXBuildFile; fileRef = 1BF19FBC1D14344A0069D7AA /* PNGenericChart.m */; };
		1BF19FC11D14346F0069D7AA /* PNLineChart.m in Sources */ = {isa = PBXBuildFile; fileRef = 1BF19FC01D14346F0069D7AA /* PNLineChart.m */; };
		1BF19FC41D1434800069D7AA /* PNChartLabel.m in Sources */ = {isa = PBXBuildFile; fileRef = 1BF19FC31D1434800069D7AA /* PNChartLabel.m */; };
		1BF19FC71D1434900069D7AA /* PNLineChartData.m in Sources */ = {isa = PBXBuildFile; fileRef = 1BF19FC61D1434900069D7AA /* PNLineChartData.m */; };
		1BF19FCA1D14349D0069D7AA /* PNLineChartDataItem.m in Sources */ = {isa = PBXBuildFile; fileRef = 1BF19FC91D14349D0069D7AA /* PNLineChartDataItem.m */; };
		CBEE5C261D16C3B10056C30E /* all_updated.png in Resources */ = {isa = PBXBuildFile; fileRef = CBEE5C251D16C3B10056C30E /* all_updated.png */; };
		CBEE5C2A1D16C49C0056C30E /* all_updated1.png in Resources */ = {isa = PBXBuildFile; fileRef = CBEE5C291D16C49C0056C30E /* all_updated1.png */; };
		CBEE5C2C1D16C4C00056C30E /* all_updated1@2x.png in Resources */ = {isa = PBXBuildFile; fileRef = CBEE5C2B1D16C4C00056C30E /* all_updated1@2x.png */; };
		CBEE5C2E1D16C5160056C30E /* all_up@2x.png in Resources */ = {isa = PBXBuildFile; fileRef = CBEE5C2D1D16C5160056C30E /* all_up@2x.png */; };
/* End PBXBuildFile section */

/* Begin PBXContainerItemProxy section */
		1BE963221D0EB11A00511EB0 /* PBXContainerItemProxy */ = {
			isa = PBXContainerItemProxy;
			containerPortal = 1BE962FD1D0EB11A00511EB0 /* Project object */;
			proxyType = 1;
			remoteGlobalIDString = 1BE963041D0EB11A00511EB0;
			remoteInfo = QDC_PoC;
		};
		1BE9632D1D0EB11A00511EB0 /* PBXContainerItemProxy */ = {
			isa = PBXContainerItemProxy;
			containerPortal = 1BE962FD1D0EB11A00511EB0 /* Project object */;
			proxyType = 1;
			remoteGlobalIDString = 1BE963041D0EB11A00511EB0;
			remoteInfo = QDC_PoC;
		};
/* End PBXContainerItemProxy section */

/* Begin PBXFileReference section */
		1BA775C91D18121A0072953B /* SharedObj.h */ = {isa = PBXFileReference; fileEncoding = 4; lastKnownFileType = sourcecode.c.h; path = SharedObj.h; sourceTree = "<group>"; };
		1BA775CA1D18121A0072953B /* SharedObj.m */ = {isa = PBXFileReference; fileEncoding = 4; lastKnownFileType = sourcecode.c.objc; path = SharedObj.m; sourceTree = "<group>"; };
		1BE963051D0EB11A00511EB0 /* QDC_PoC.app */ = {isa = PBXFileReference; explicitFileType = wrapper.application; includeInIndex = 0; path = QDC_PoC.app; sourceTree = BUILT_PRODUCTS_DIR; };
		1BE963091D0EB11A00511EB0 /* main.m */ = {isa = PBXFileReference; lastKnownFileType = sourcecode.c.objc; path = main.m; sourceTree = "<group>"; };
		1BE9630B1D0EB11A00511EB0 /* AppDelegate.h */ = {isa = PBXFileReference; lastKnownFileType = sourcecode.c.h; path = AppDelegate.h; sourceTree = "<group>"; };
		1BE9630C1D0EB11A00511EB0 /* AppDelegate.m */ = {isa = PBXFileReference; lastKnownFileType = sourcecode.c.objc; path = AppDelegate.m; sourceTree = "<group>"; };
		1BE9630E1D0EB11A00511EB0 /* ViewController.h */ = {isa = PBXFileReference; lastKnownFileType = sourcecode.c.h; path = ViewController.h; sourceTree = "<group>"; };
		1BE9630F1D0EB11A00511EB0 /* ViewController.m */ = {isa = PBXFileReference; lastKnownFileType = sourcecode.c.objc; path = ViewController.m; sourceTree = "<group>"; };
		1BE963121D0EB11A00511EB0 /* Base */ = {isa = PBXFileReference; lastKnownFileType = file.storyboard; name = Base; path = Base.lproj/Main.storyboard; sourceTree = "<group>"; };
		1BE963151D0EB11A00511EB0 /* QDC_PoC.xcdatamodel */ = {isa = PBXFileReference; lastKnownFileType = wrapper.xcdatamodel; path = QDC_PoC.xcdatamodel; sourceTree = "<group>"; };
		1BE963171D0EB11A00511EB0 /* Assets.xcassets */ = {isa = PBXFileReference; lastKnownFileType = folder.assetcatalog; path = Assets.xcassets; sourceTree = "<group>"; };
		1BE9631A1D0EB11A00511EB0 /* Base */ = {isa = PBXFileReference; lastKnownFileType = file.storyboard; name = Base; path = Base.lproj/LaunchScreen.storyboard; sourceTree = "<group>"; };
		1BE9631C1D0EB11A00511EB0 /* Info.plist */ = {isa = PBXFileReference; lastKnownFileType = text.plist.xml; path = Info.plist; sourceTree = "<group>"; };
		1BE963211D0EB11A00511EB0 /* QDC_PoCTests.xctest */ = {isa = PBXFileReference; explicitFileType = wrapper.cfbundle; includeInIndex = 0; path = QDC_PoCTests.xctest; sourceTree = BUILT_PRODUCTS_DIR; };
		1BE963251D0EB11A00511EB0 /* QDC_PoCTests.m */ = {isa = PBXFileReference; lastKnownFileType = sourcecode.c.objc; path = QDC_PoCTests.m; sourceTree = "<group>"; };
		1BE963271D0EB11A00511EB0 /* Info.plist */ = {isa = PBXFileReference; lastKnownFileType = text.plist.xml; path = Info.plist; sourceTree = "<group>"; };
		1BE9632C1D0EB11A00511EB0 /* QDC_PoCUITests.xctest */ = {isa = PBXFileReference; explicitFileType = wrapper.cfbundle; includeInIndex = 0; path = QDC_PoCUITests.xctest; sourceTree = BUILT_PRODUCTS_DIR; };
		1BE963301D0EB11A00511EB0 /* QDC_PoCUITests.m */ = {isa = PBXFileReference; lastKnownFileType = sourcecode.c.objc; path = QDC_PoCUITests.m; sourceTree = "<group>"; };
		1BE963321D0EB11A00511EB0 /* Info.plist */ = {isa = PBXFileReference; lastKnownFileType = text.plist.xml; path = Info.plist; sourceTree = "<group>"; };
		1BE9633E1D0EB25300511EB0 /* logo.png */ = {isa = PBXFileReference; lastKnownFileType = image.png; path = logo.png; sourceTree = "<group>"; };
		1BE963401D0EB59C00511EB0 /* client.png */ = {isa = PBXFileReference; lastKnownFileType = image.png; path = client.png; sourceTree = "<group>"; };
		1BE963421D0EB63B00511EB0 /* team.png */ = {isa = PBXFileReference; lastKnownFileType = image.png; path = team.png; sourceTree = "<group>"; };
		1BE963441D0ED36300511EB0 /* management.png */ = {isa = PBXFileReference; lastKnownFileType = image.png; path = management.png; sourceTree = "<group>"; };
		1BE963461D0EDA4400511EB0 /* company_profile.png */ = {isa = PBXFileReference; lastKnownFileType = image.png; path = company_profile.png; sourceTree = "<group>"; };
		1BE963481D0EDB4C00511EB0 /* organisation.png */ = {isa = PBXFileReference; lastKnownFileType = image.png; path = organisation.png; sourceTree = "<group>"; };
		1BE9634A1D0EDC0100511EB0 /* portfolia.png */ = {isa = PBXFileReference; lastKnownFileType = image.png; path = portfolia.png; sourceTree = "<group>"; };
		1BE9634D1D0EE3C200511EB0 /* KVNProgress.h */ = {isa = PBXFileReference; fileEncoding = 4; lastKnownFileType = sourcecode.c.h; path = KVNProgress.h; sourceTree = "<group>"; };
		1BE9634E1D0EE3C200511EB0 /* KVNProgress.m */ = {isa = PBXFileReference; fileEncoding = 4; lastKnownFileType = sourcecode.c.objc; path = KVNProgress.m; sourceTree = "<group>"; };
		1BE9634F1D0EE3C200511EB0 /* KVNProgressConfiguration.h */ = {isa = PBXFileReference; fileEncoding = 4; lastKnownFileType = sourcecode.c.h; path = KVNProgressConfiguration.h; sourceTree = "<group>"; };
		1BE963501D0EE3C200511EB0 /* KVNProgressConfiguration.m */ = {isa = PBXFileReference; fileEncoding = 4; lastKnownFileType = sourcecode.c.objc; path = KVNProgressConfiguration.m; sourceTree = "<group>"; };
		1BE963541D0EE42D00511EB0 /* UIColor+KVNContrast.h */ = {isa = PBXFileReference; fileEncoding = 4; lastKnownFileType = sourcecode.c.h; path = "UIColor+KVNContrast.h"; sourceTree = "<group>"; };
		1BE963551D0EE42D00511EB0 /* UIColor+KVNContrast.m */ = {isa = PBXFileReference; fileEncoding = 4; lastKnownFileType = sourcecode.c.objc; path = "UIColor+KVNContrast.m"; sourceTree = "<group>"; };
		1BE963561D0EE42D00511EB0 /* UIImage+KVNEmpty.h */ = {isa = PBXFileReference; fileEncoding = 4; lastKnownFileType = sourcecode.c.h; path = "UIImage+KVNEmpty.h"; sourceTree = "<group>"; };
		1BE963571D0EE42D00511EB0 /* UIImage+KVNEmpty.m */ = {isa = PBXFileReference; fileEncoding = 4; lastKnownFileType = sourcecode.c.objc; path = "UIImage+KVNEmpty.m"; sourceTree = "<group>"; };
		1BE963581D0EE42D00511EB0 /* UIImage+KVNImageEffects.h */ = {isa = PBXFileReference; fileEncoding = 4; lastKnownFileType = sourcecode.c.h; path = "UIImage+KVNImageEffects.h"; sourceTree = "<group>"; };
		1BE963591D0EE42D00511EB0 /* UIImage+KVNImageEffects.m */ = {isa = PBXFileReference; fileEncoding = 4; lastKnownFileType = sourcecode.c.objc; path = "UIImage+KVNImageEffects.m"; sourceTree = "<group>"; };
		1BE9635B1D0EE42D00511EB0 /* KVNProgressView.xib */ = {isa = PBXFileReference; fileEncoding = 4; lastKnownFileType = file.xib; path = KVNProgressView.xib; sourceTree = "<group>"; };
		1BE963611D0EE6DD00511EB0 /* BIZCircularTransitionAnimator.h */ = {isa = PBXFileReference; fileEncoding = 4; lastKnownFileType = sourcecode.c.h; path = BIZCircularTransitionAnimator.h; sourceTree = "<group>"; };
		1BE963621D0EE6DD00511EB0 /* BIZCircularTransitionAnimator.m */ = {isa = PBXFileReference; fileEncoding = 4; lastKnownFileType = sourcecode.c.objc; path = BIZCircularTransitionAnimator.m; sourceTree = "<group>"; };
		1BE963631D0EE6DD00511EB0 /* BIZCircularTransitionHandler.h */ = {isa = PBXFileReference; fileEncoding = 4; lastKnownFileType = sourcecode.c.h; path = BIZCircularTransitionHandler.h; sourceTree = "<group>"; };
		1BE963641D0EE6DD00511EB0 /* BIZCircularTransitionHandler.m */ = {isa = PBXFileReference; fileEncoding = 4; lastKnownFileType = sourcecode.c.objc; path = BIZCircularTransitionHandler.m; sourceTree = "<group>"; };
		1BE963671D0EE74F00511EB0 /* ProjectListingTableViewController.h */ = {isa = PBXFileReference; fileEncoding = 4; lastKnownFileType = sourcecode.c.h; path = ProjectListingTableViewController.h; sourceTree = "<group>"; };
		1BE963681D0EE74F00511EB0 /* ProjectListingTableViewController.m */ = {isa = PBXFileReference; fileEncoding = 4; lastKnownFileType = sourcecode.c.objc; path = ProjectListingTableViewController.m; sourceTree = "<group>"; };
		1BEC08721D0FE2E3008CF17F /* 1242x2208.jpg */ = {isa = PBXFileReference; lastKnownFileType = image.jpeg; path = 1242x2208.jpg; sourceTree = "<group>"; };
		1BEC08741D0FF20F008CF17F /* ProjectListingTableViewCell.h */ = {isa = PBXFileReference; fileEncoding = 4; lastKnownFileType = sourcecode.c.h; path = ProjectListingTableViewCell.h; sourceTree = "<group>"; };
		1BEC08751D0FF20F008CF17F /* ProjectListingTableViewCell.m */ = {isa = PBXFileReference; fileEncoding = 4; lastKnownFileType = sourcecode.c.objc; path = ProjectListingTableViewCell.m; sourceTree = "<group>"; };
		1BEC08771D1003DE008CF17F /* QDC_TempData.plist */ = {isa = PBXFileReference; fileEncoding = 4; lastKnownFileType = text.plist.xml; path = QDC_TempData.plist; sourceTree = "<group>"; };
		1BEC087A1D101A75008CF17F /* FMDatabase.h */ = {isa = PBXFileReference; fileEncoding = 4; lastKnownFileType = sourcecode.c.h; path = FMDatabase.h; sourceTree = "<group>"; };
		1BEC087B1D101A75008CF17F /* FMDatabase.m */ = {isa = PBXFileReference; fileEncoding = 4; lastKnownFileType = sourcecode.c.objc; path = FMDatabase.m; sourceTree = "<group>"; };
		1BEC087C1D101A75008CF17F /* FMDatabaseAdditions.h */ = {isa = PBXFileReference; fileEncoding = 4; lastKnownFileType = sourcecode.c.h; path = FMDatabaseAdditions.h; sourceTree = "<group>"; };
		1BEC087D1D101A75008CF17F /* FMDatabaseAdditions.m */ = {isa = PBXFileReference; fileEncoding = 4; lastKnownFileType = sourcecode.c.objc; path = FMDatabaseAdditions.m; sourceTree = "<group>"; };
		1BEC087E1D101A75008CF17F /* FMDatabasePool.h */ = {isa = PBXFileReference; fileEncoding = 4; lastKnownFileType = sourcecode.c.h; path = FMDatabasePool.h; sourceTree = "<group>"; };
		1BEC087F1D101A75008CF17F /* FMDatabasePool.m */ = {isa = PBXFileReference; fileEncoding = 4; lastKnownFileType = sourcecode.c.objc; path = FMDatabasePool.m; sourceTree = "<group>"; };
		1BEC08801D101A75008CF17F /* FMDatabaseQueue.h */ = {isa = PBXFileReference; fileEncoding = 4; lastKnownFileType = sourcecode.c.h; path = FMDatabaseQueue.h; sourceTree = "<group>"; };
		1BEC08811D101A75008CF17F /* FMDatabaseQueue.m */ = {isa = PBXFileReference; fileEncoding = 4; lastKnownFileType = sourcecode.c.objc; path = FMDatabaseQueue.m; sourceTree = "<group>"; };
		1BEC08821D101A75008CF17F /* FMDB.h */ = {isa = PBXFileReference; fileEncoding = 4; lastKnownFileType = sourcecode.c.h; path = FMDB.h; sourceTree = "<group>"; };
		1BEC08831D101A75008CF17F /* FMResultSet.h */ = {isa = PBXFileReference; fileEncoding = 4; lastKnownFileType = sourcecode.c.h; path = FMResultSet.h; sourceTree = "<group>"; };
		1BEC08841D101A75008CF17F /* FMResultSet.m */ = {isa = PBXFileReference; fileEncoding = 4; lastKnownFileType = sourcecode.c.objc; path = FMResultSet.m; sourceTree = "<group>"; };
		1BEC08851D101A75008CF17F /* Info.plist */ = {isa = PBXFileReference; fileEncoding = 4; lastKnownFileType = text.plist.xml; path = Info.plist; sourceTree = "<group>"; };
		1BEC088C1D101AA0008CF17F /* libsqlite3.0.tbd */ = {isa = PBXFileReference; lastKnownFileType = "sourcecode.text-based-dylib-definition"; name = libsqlite3.0.tbd; path = usr/lib/libsqlite3.0.tbd; sourceTree = SDKROOT; };
		1BEC088D1D101AA0008CF17F /* libsqlite3.tbd */ = {isa = PBXFileReference; lastKnownFileType = "sourcecode.text-based-dylib-definition"; name = libsqlite3.tbd; path = usr/lib/libsqlite3.tbd; sourceTree = SDKROOT; };
		1BEC08911D103270008CF17F /* ProjectDetails.h */ = {isa = PBXFileReference; fileEncoding = 4; lastKnownFileType = sourcecode.c.h; path = ProjectDetails.h; sourceTree = "<group>"; };
		1BEC08921D103270008CF17F /* ProjectDetails.m */ = {isa = PBXFileReference; fileEncoding = 4; lastKnownFileType = sourcecode.c.objc; path = ProjectDetails.m; sourceTree = "<group>"; };
		1BED80411D1160D400D72355 /* UserDatabase.sqlite */ = {isa = PBXFileReference; lastKnownFileType = file; path = UserDatabase.sqlite; sourceTree = "<group>"; };
		1BEDBF6F1D128C62009131A0 /* MainTabBarController.h */ = {isa = PBXFileReference; fileEncoding = 4; lastKnownFileType = sourcecode.c.h; path = MainTabBarController.h; sourceTree = "<group>"; };
		1BEDBF701D128C62009131A0 /* MainTabBarController.m */ = {isa = PBXFileReference; fileEncoding = 4; lastKnownFileType = sourcecode.c.objc; path = MainTabBarController.m; sourceTree = "<group>"; };
		1BEDBF721D128E42009131A0 /* CompletedViewController.h */ = {isa = PBXFileReference; fileEncoding = 4; lastKnownFileType = sourcecode.c.h; path = CompletedViewController.h; sourceTree = "<group>"; };
		1BEDBF731D128E42009131A0 /* CompletedViewController.m */ = {isa = PBXFileReference; fileEncoding = 4; lastKnownFileType = sourcecode.c.objc; path = CompletedViewController.m; sourceTree = "<group>"; };
		1BEDBF771D129194009131A0 /* bug@2x.png */ = {isa = PBXFileReference; lastKnownFileType = image.png; path = "bug@2x.png"; sourceTree = "<group>"; };
		1BEDBF791D12A5B3009131A0 /* Progress1.png */ = {isa = PBXFileReference; lastKnownFileType = image.png; path = Progress1.png; sourceTree = "<group>"; };
		1BEDBF7B1D12A8B0009131A0 /* completed@2x.png */ = {isa = PBXFileReference; lastKnownFileType = image.png; path = "completed@2x.png"; sourceTree = "<group>"; };
		1BEDBF7D1D12A9A9009131A0 /* pending@2x.png */ = {isa = PBXFileReference; lastKnownFileType = image.png; path = "pending@2x.png"; sourceTree = "<group>"; };
		1BEDBF7F1D12A9CA009131A0 /* Progress@2x.png */ = {isa = PBXFileReference; lastKnownFileType = image.png; path = "Progress@2x.png"; sourceTree = "<group>"; };
		1BF19F1F1D13CB960069D7AA /* OverallStatusTableViewController.h */ = {isa = PBXFileReference; fileEncoding = 4; lastKnownFileType = sourcecode.c.h; path = OverallStatusTableViewController.h; sourceTree = "<group>"; };
		1BF19F201D13CB960069D7AA /* OverallStatusTableViewController.m */ = {isa = PBXFileReference; fileEncoding = 4; lastKnownFileType = sourcecode.c.objc; path = OverallStatusTableViewController.m; sourceTree = "<group>"; };
		1BF19F271D13D24D0069D7AA /* ProjectDetailsTableViewCell.h */ = {isa = PBXFileReference; fileEncoding = 4; lastKnownFileType = sourcecode.c.h; path = ProjectDetailsTableViewCell.h; sourceTree = "<group>"; };
		1BF19F281D13D24D0069D7AA /* ProjectDetailsTableViewCell.m */ = {isa = PBXFileReference; fileEncoding = 4; lastKnownFileType = sourcecode.c.objc; path = ProjectDetailsTableViewCell.m; sourceTree = "<group>"; };
		1BF19F2B1D13D98B0069D7AA /* ProInfoTableViewCell.h */ = {isa = PBXFileReference; fileEncoding = 4; lastKnownFileType = sourcecode.c.h; path = ProInfoTableViewCell.h; sourceTree = "<group>"; };
		1BF19F2C1D13D98B0069D7AA /* ProInfoTableViewCell.m */ = {isa = PBXFileReference; fileEncoding = 4; lastKnownFileType = sourcecode.c.objc; path = ProInfoTableViewCell.m; sourceTree = "<group>"; };
		1BF19F7A1D142D320069D7AA /* XYPieChart.h */ = {isa = PBXFileReference; fileEncoding = 4; lastKnownFileType = sourcecode.c.h; path = XYPieChart.h; sourceTree = "<group>"; };
		1BF19F7B1D142D320069D7AA /* XYPieChart.m */ = {isa = PBXFileReference; fileEncoding = 4; lastKnownFileType = sourcecode.c.objc; path = XYPieChart.m; sourceTree = "<group>"; };
		1BF19F7D1D142F250069D7AA /* QuartzCore.framework */ = {isa = PBXFileReference; lastKnownFileType = wrapper.framework; name = QuartzCore.framework; path = System/Library/Frameworks/QuartzCore.framework; sourceTree = SDKROOT; };
		1BF19FB21D1434280069D7AA /* PNPieChart.h */ = {isa = PBXFileReference; fileEncoding = 4; lastKnownFileType = sourcecode.c.h; path = PNPieChart.h; sourceTree = "<group>"; };
		1BF19FB31D1434280069D7AA /* PNPieChart.m */ = {isa = PBXFileReference; fileEncoding = 4; lastKnownFileType = sourcecode.c.objc; path = PNPieChart.m; sourceTree = "<group>"; };
		1BF19FB41D1434280069D7AA /* PNPieChartDataItem.h */ = {isa = PBXFileReference; fileEncoding = 4; lastKnownFileType = sourcecode.c.h; path = PNPieChartDataItem.h; sourceTree = "<group>"; };
		1BF19FB51D1434280069D7AA /* PNPieChartDataItem.m */ = {isa = PBXFileReference; fileEncoding = 4; lastKnownFileType = sourcecode.c.objc; path = PNPieChartDataItem.m; sourceTree = "<group>"; };
		1BF19FB81D1434380069D7AA /* PNColor.h */ = {isa = PBXFileReference; fileEncoding = 4; lastKnownFileType = sourcecode.c.h; path = PNColor.h; sourceTree = "<group>"; };
		1BF19FB91D1434380069D7AA /* PNColor.m */ = {isa = PBXFileReference; fileEncoding = 4; lastKnownFileType = sourcecode.c.objc; path = PNColor.m; sourceTree = "<group>"; };
		1BF19FBB1D14344A0069D7AA /* PNGenericChart.h */ = {isa = PBXFileReference; fileEncoding = 4; lastKnownFileType = sourcecode.c.h; path = PNGenericChart.h; sourceTree = "<group>"; };
		1BF19FBC1D14344A0069D7AA /* PNGenericChart.m */ = {isa = PBXFileReference; fileEncoding = 4; lastKnownFileType = sourcecode.c.objc; path = PNGenericChart.m; sourceTree = "<group>"; };
		1BF19FBE1D14345C0069D7AA /* PNChartDelegate.h */ = {isa = PBXFileReference; lastKnownFileType = sourcecode.c.h; path = PNChartDelegate.h; sourceTree = "<group>"; };
		1BF19FBF1D14346F0069D7AA /* PNLineChart.h */ = {isa = PBXFileReference; fileEncoding = 4; lastKnownFileType = sourcecode.c.h; path = PNLineChart.h; sourceTree = "<group>"; };
		1BF19FC01D14346F0069D7AA /* PNLineChart.m */ = {isa = PBXFileReference; fileEncoding = 4; lastKnownFileType = sourcecode.c.objc; path = PNLineChart.m; sourceTree = "<group>"; };
		1BF19FC21D1434800069D7AA /* PNChartLabel.h */ = {isa = PBXFileReference; fileEncoding = 4; lastKnownFileType = sourcecode.c.h; path = PNChartLabel.h; sourceTree = "<group>"; };
		1BF19FC31D1434800069D7AA /* PNChartLabel.m */ = {isa = PBXFileReference; fileEncoding = 4; lastKnownFileType = sourcecode.c.objc; path = PNChartLabel.m; sourceTree = "<group>"; };
		1BF19FC51D1434900069D7AA /* PNLineChartData.h */ = {isa = PBXFileReference; fileEncoding = 4; lastKnownFileType = sourcecode.c.h; path = PNLineChartData.h; sourceTree = "<group>"; };
		1BF19FC61D1434900069D7AA /* PNLineChartData.m */ = {isa = PBXFileReference; fileEncoding = 4; lastKnownFileType = sourcecode.c.objc; path = PNLineChartData.m; sourceTree = "<group>"; };
		1BF19FC81D14349D0069D7AA /* PNLineChartDataItem.h */ = {isa = PBXFileReference; fileEncoding = 4; lastKnownFileType = sourcecode.c.h; path = PNLineChartDataItem.h; sourceTree = "<group>"; };
		1BF19FC91D14349D0069D7AA /* PNLineChartDataItem.m */ = {isa = PBXFileReference; fileEncoding = 4; lastKnownFileType = sourcecode.c.objc; path = PNLineChartDataItem.m; sourceTree = "<group>"; };
		CBEE5C251D16C3B10056C30E /* all_updated.png */ = {isa = PBXFileReference; lastKnownFileType = image.png; path = all_updated.png; sourceTree = "<group>"; };
		CBEE5C291D16C49C0056C30E /* all_updated1.png */ = {isa = PBXFileReference; lastKnownFileType = image.png; path = all_updated1.png; sourceTree = "<group>"; };
		CBEE5C2B1D16C4C00056C30E /* all_updated1@2x.png */ = {isa = PBXFileReference; lastKnownFileType = image.png; path = "all_updated1@2x.png"; sourceTree = "<group>"; };
		CBEE5C2D1D16C5160056C30E /* all_up@2x.png */ = {isa = PBXFileReference; lastKnownFileType = image.png; path = "all_up@2x.png"; sourceTree = "<group>"; };
/* End PBXFileReference section */

/* Begin PBXFrameworksBuildPhase section */
		1BE963021D0EB11A00511EB0 /* Frameworks */ = {
			isa = PBXFrameworksBuildPhase;
			buildActionMask = 2147483647;
			files = (
				1BF19F7E1D142F250069D7AA /* QuartzCore.framework in Frameworks */,
				1BEC08901D101AD3008CF17F /* libsqlite3.0.tbd in Frameworks */,
			);
			runOnlyForDeploymentPostprocessing = 0;
		};
		1BE9631E1D0EB11A00511EB0 /* Frameworks */ = {
			isa = PBXFrameworksBuildPhase;
			buildActionMask = 2147483647;
			files = (
			);
			runOnlyForDeploymentPostprocessing = 0;
		};
		1BE963291D0EB11A00511EB0 /* Frameworks */ = {
			isa = PBXFrameworksBuildPhase;
			buildActionMask = 2147483647;
			files = (
			);
			runOnlyForDeploymentPostprocessing = 0;
		};
/* End PBXFrameworksBuildPhase section */

/* Begin PBXGroup section */
		1BA775CC1D1812330072953B /* SharedObj - Singleton */ = {
			isa = PBXGroup;
			children = (
				1BA775C91D18121A0072953B /* SharedObj.h */,
				1BA775CA1D18121A0072953B /* SharedObj.m */,
			);
			name = "SharedObj - Singleton";
			sourceTree = "<group>";
		};
		1BE962FC1D0EB11A00511EB0 = {
			isa = PBXGroup;
			children = (
				1BF19F7D1D142F250069D7AA /* QuartzCore.framework */,
				1BF19F2B1D13D98B0069D7AA /* ProInfoTableViewCell.h */,
				1BF19F2C1D13D98B0069D7AA /* ProInfoTableViewCell.m */,
				1BEC088C1D101AA0008CF17F /* libsqlite3.0.tbd */,
				1BEC088D1D101AA0008CF17F /* libsqlite3.tbd */,
				1BED80411D1160D400D72355 /* UserDatabase.sqlite */,
				1BE963071D0EB11A00511EB0 /* QDC_PoC */,
				1BE963241D0EB11A00511EB0 /* QDC_PoCTests */,
				1BE9632F1D0EB11A00511EB0 /* QDC_PoCUITests */,
				1BE963061D0EB11A00511EB0 /* Products */,
			);
			sourceTree = "<group>";
		};
		1BE963061D0EB11A00511EB0 /* Products */ = {
			isa = PBXGroup;
			children = (
				1BE963051D0EB11A00511EB0 /* QDC_PoC.app */,
				1BE963211D0EB11A00511EB0 /* QDC_PoCTests.xctest */,
				1BE9632C1D0EB11A00511EB0 /* QDC_PoCUITests.xctest */,
			);
			name = Products;
			sourceTree = "<group>";
		};
		1BE963071D0EB11A00511EB0 /* QDC_PoC */ = {
			isa = PBXGroup;
			children = (
				1BA775CC1D1812330072953B /* SharedObj - Singleton */,
				1BF19F231D13D18C0069D7AA /* Libs - External */,
				1BE9630B1D0EB11A00511EB0 /* AppDelegate.h */,
				1BE9630C1D0EB11A00511EB0 /* AppDelegate.m */,
				1BE9630E1D0EB11A00511EB0 /* ViewController.h */,
				1BE9630F1D0EB11A00511EB0 /* ViewController.m */,
				1BE963111D0EB11A00511EB0 /* Main.storyboard */,
				1BF19F221D13D15F0069D7AA /* Overall Status */,
				1BEDBF721D128E42009131A0 /* CompletedViewController.h */,
				1BEDBF731D128E42009131A0 /* CompletedViewController.m */,
				1BEDBF6F1D128C62009131A0 /* MainTabBarController.h */,
				1BEDBF701D128C62009131A0 /* MainTabBarController.m */,
				1BEC08911D103270008CF17F /* ProjectDetails.h */,
				1BEC08921D103270008CF17F /* ProjectDetails.m */,
				1BE963671D0EE74F00511EB0 /* ProjectListingTableViewController.h */,
				1BE963681D0EE74F00511EB0 /* ProjectListingTableViewController.m */,
				1BEC08741D0FF20F008CF17F /* ProjectListingTableViewCell.h */,
				1BEC08751D0FF20F008CF17F /* ProjectListingTableViewCell.m */,
				1BE963171D0EB11A00511EB0 /* Assets.xcassets */,
				1BE963191D0EB11A00511EB0 /* LaunchScreen.storyboard */,
				1BEDBF791D12A5B3009131A0 /* Progress1.png */,
				1BEC08771D1003DE008CF17F /* QDC_TempData.plist */,
				1BE9631C1D0EB11A00511EB0 /* Info.plist */,
				1BE963141D0EB11A00511EB0 /* QDC_PoC.xcdatamodeld */,
				1BE963081D0EB11A00511EB0 /* Supporting Files */,
			);
			path = QDC_PoC;
			sourceTree = "<group>";
		};
		1BE963081D0EB11A00511EB0 /* Supporting Files */ = {
			isa = PBXGroup;
			children = (
				1BEDBF7D1D12A9A9009131A0 /* pending@2x.png */,
				CBEE5C291D16C49C0056C30E /* all_updated1.png */,
				CBEE5C2D1D16C5160056C30E /* all_up@2x.png */,
				CBEE5C2B1D16C4C00056C30E /* all_updated1@2x.png */,
				1BEDBF7F1D12A9CA009131A0 /* Progress@2x.png */,
				CBEE5C251D16C3B10056C30E /* all_updated.png */,
				1BEDBF771D129194009131A0 /* bug@2x.png */,
				1BEC08721D0FE2E3008CF17F /* 1242x2208.jpg */,
				1BE963461D0EDA4400511EB0 /* company_profile.png */,
				1BEDBF7B1D12A8B0009131A0 /* completed@2x.png */,
				1BE9634A1D0EDC0100511EB0 /* portfolia.png */,
				1BE963481D0EDB4C00511EB0 /* organisation.png */,
				1BE963401D0EB59C00511EB0 /* client.png */,
				1BE963441D0ED36300511EB0 /* management.png */,
				1BE963421D0EB63B00511EB0 /* team.png */,
				1BE9633E1D0EB25300511EB0 /* logo.png */,
				1BE963091D0EB11A00511EB0 /* main.m */,
			);
			name = "Supporting Files";
			sourceTree = "<group>";
		};
		1BE963241D0EB11A00511EB0 /* QDC_PoCTests */ = {
			isa = PBXGroup;
			children = (
				1BE963251D0EB11A00511EB0 /* QDC_PoCTests.m */,
				1BE963271D0EB11A00511EB0 /* Info.plist */,
			);
			path = QDC_PoCTests;
			sourceTree = "<group>";
		};
		1BE9632F1D0EB11A00511EB0 /* QDC_PoCUITests */ = {
			isa = PBXGroup;
			children = (
				1BE963301D0EB11A00511EB0 /* QDC_PoCUITests.m */,
				1BE963321D0EB11A00511EB0 /* Info.plist */,
			);
			path = QDC_PoCUITests;
			sourceTree = "<group>";
		};
		1BE9634C1D0EE3C200511EB0 /* KVNProgress */ = {
			isa = PBXGroup;
			children = (
				1BE963531D0EE42D00511EB0 /* Categories */,
				1BE9635A1D0EE42D00511EB0 /* Resources */,
				1BE9634D1D0EE3C200511EB0 /* KVNProgress.h */,
				1BE9634E1D0EE3C200511EB0 /* KVNProgress.m */,
				1BE9634F1D0EE3C200511EB0 /* KVNProgressConfiguration.h */,
				1BE963501D0EE3C200511EB0 /* KVNProgressConfiguration.m */,
			);
			name = KVNProgress;
			path = Classes;
			sourceTree = "<group>";
		};
		1BE963531D0EE42D00511EB0 /* Categories */ = {
			isa = PBXGroup;
			children = (
				1BE963541D0EE42D00511EB0 /* UIColor+KVNContrast.h */,
				1BE963551D0EE42D00511EB0 /* UIColor+KVNContrast.m */,
				1BE963561D0EE42D00511EB0 /* UIImage+KVNEmpty.h */,
				1BE963571D0EE42D00511EB0 /* UIImage+KVNEmpty.m */,
				1BE963581D0EE42D00511EB0 /* UIImage+KVNImageEffects.h */,
				1BE963591D0EE42D00511EB0 /* UIImage+KVNImageEffects.m */,
			);
			path = Categories;
			sourceTree = "<group>";
		};
		1BE9635A1D0EE42D00511EB0 /* Resources */ = {
			isa = PBXGroup;
			children = (
				1BE9635B1D0EE42D00511EB0 /* KVNProgressView.xib */,
			);
			path = Resources;
			sourceTree = "<group>";
		};
		1BE963601D0EE6DD00511EB0 /* BIZCircularTransition */ = {
			isa = PBXGroup;
			children = (
				1BE963611D0EE6DD00511EB0 /* BIZCircularTransitionAnimator.h */,
				1BE963621D0EE6DD00511EB0 /* BIZCircularTransitionAnimator.m */,
				1BE963631D0EE6DD00511EB0 /* BIZCircularTransitionHandler.h */,
				1BE963641D0EE6DD00511EB0 /* BIZCircularTransitionHandler.m */,
			);
			path = BIZCircularTransition;
			sourceTree = "<group>";
		};
		1BEC08791D101A75008CF17F /* fmdb */ = {
			isa = PBXGroup;
			children = (
				1BEC087A1D101A75008CF17F /* FMDatabase.h */,
				1BEC087B1D101A75008CF17F /* FMDatabase.m */,
				1BEC087C1D101A75008CF17F /* FMDatabaseAdditions.h */,
				1BEC087D1D101A75008CF17F /* FMDatabaseAdditions.m */,
				1BEC087E1D101A75008CF17F /* FMDatabasePool.h */,
				1BEC087F1D101A75008CF17F /* FMDatabasePool.m */,
				1BEC08801D101A75008CF17F /* FMDatabaseQueue.h */,
				1BEC08811D101A75008CF17F /* FMDatabaseQueue.m */,
				1BEC08821D101A75008CF17F /* FMDB.h */,
				1BEC08831D101A75008CF17F /* FMResultSet.h */,
				1BEC08841D101A75008CF17F /* FMResultSet.m */,
				1BEC08851D101A75008CF17F /* Info.plist */,
			);
			path = fmdb;
			sourceTree = "<group>";
		};
		1BF19F221D13D15F0069D7AA /* Overall Status */ = {
			isa = PBXGroup;
			children = (
				1BF19F1F1D13CB960069D7AA /* OverallStatusTableViewController.h */,
				1BF19F201D13CB960069D7AA /* OverallStatusTableViewController.m */,
				1BF19F271D13D24D0069D7AA /* ProjectDetailsTableViewCell.h */,
				1BF19F281D13D24D0069D7AA /* ProjectDetailsTableViewCell.m */,
			);
			name = "Overall Status";
			sourceTree = "<group>";
		};
		1BF19F231D13D18C0069D7AA /* Libs - External */ = {
			isa = PBXGroup;
			children = (
				1BF19FC21D1434800069D7AA /* PNChartLabel.h */,
				1BF19FC31D1434800069D7AA /* PNChartLabel.m */,
				1BF19FC81D14349D0069D7AA /* PNLineChartDataItem.h */,
				1BF19FC91D14349D0069D7AA /* PNLineChartDataItem.m */,
				1BF19FBF1D14346F0069D7AA /* PNLineChart.h */,
				1BF19FC01D14346F0069D7AA /* PNLineChart.m */,
				1BF19FC51D1434900069D7AA /* PNLineChartData.h */,
				1BF19FC61D1434900069D7AA /* PNLineChartData.m */,
				1BF19FBE1D14345C0069D7AA /* PNChartDelegate.h */,
				1BF19FBB1D14344A0069D7AA /* PNGenericChart.h */,
				1BF19FBC1D14344A0069D7AA /* PNGenericChart.m */,
				1BF19FB81D1434380069D7AA /* PNColor.h */,
				1BF19FB91D1434380069D7AA /* PNColor.m */,
				1BF19FB21D1434280069D7AA /* PNPieChart.h */,
				1BF19FB31D1434280069D7AA /* PNPieChart.m */,
				1BF19FB41D1434280069D7AA /* PNPieChartDataItem.h */,
				1BF19FB51D1434280069D7AA /* PNPieChartDataItem.m */,
				1BF19F791D142D320069D7AA /* XYPieChart */,
				1BEC08791D101A75008CF17F /* fmdb */,
				1BE963601D0EE6DD00511EB0 /* BIZCircularTransition */,
				1BE9634C1D0EE3C200511EB0 /* KVNProgress */,
			);
			name = "Libs - External";
			sourceTree = "<group>";
		};
		1BF19F791D142D320069D7AA /* XYPieChart */ = {
			isa = PBXGroup;
			children = (
				1BF19F7A1D142D320069D7AA /* XYPieChart.h */,
				1BF19F7B1D142D320069D7AA /* XYPieChart.m */,
			);
			path = XYPieChart;
			sourceTree = "<group>";
		};
/* End PBXGroup section */

/* Begin PBXNativeTarget section */
		1BE963041D0EB11A00511EB0 /* QDC_PoC */ = {
			isa = PBXNativeTarget;
			buildConfigurationList = 1BE963351D0EB11A00511EB0 /* Build configuration list for PBXNativeTarget "QDC_PoC" */;
			buildPhases = (
				1BE963011D0EB11A00511EB0 /* Sources */,
				1BE963021D0EB11A00511EB0 /* Frameworks */,
				1BE963031D0EB11A00511EB0 /* Resources */,
			);
			buildRules = (
			);
			dependencies = (
			);
			name = QDC_PoC;
			productName = QDC_PoC;
			productReference = 1BE963051D0EB11A00511EB0 /* QDC_PoC.app */;
			productType = "com.apple.product-type.application";
		};
		1BE963201D0EB11A00511EB0 /* QDC_PoCTests */ = {
			isa = PBXNativeTarget;
			buildConfigurationList = 1BE963381D0EB11A00511EB0 /* Build configuration list for PBXNativeTarget "QDC_PoCTests" */;
			buildPhases = (
				1BE9631D1D0EB11A00511EB0 /* Sources */,
				1BE9631E1D0EB11A00511EB0 /* Frameworks */,
				1BE9631F1D0EB11A00511EB0 /* Resources */,
			);
			buildRules = (
			);
			dependencies = (
				1BE963231D0EB11A00511EB0 /* PBXTargetDependency */,
			);
			name = QDC_PoCTests;
			productName = QDC_PoCTests;
			productReference = 1BE963211D0EB11A00511EB0 /* QDC_PoCTests.xctest */;
			productType = "com.apple.product-type.bundle.unit-test";
		};
		1BE9632B1D0EB11A00511EB0 /* QDC_PoCUITests */ = {
			isa = PBXNativeTarget;
			buildConfigurationList = 1BE9633B1D0EB11A00511EB0 /* Build configuration list for PBXNativeTarget "QDC_PoCUITests" */;
			buildPhases = (
				1BE963281D0EB11A00511EB0 /* Sources */,
				1BE963291D0EB11A00511EB0 /* Frameworks */,
				1BE9632A1D0EB11A00511EB0 /* Resources */,
			);
			buildRules = (
			);
			dependencies = (
				1BE9632E1D0EB11A00511EB0 /* PBXTargetDependency */,
			);
			name = QDC_PoCUITests;
			productName = QDC_PoCUITests;
			productReference = 1BE9632C1D0EB11A00511EB0 /* QDC_PoCUITests.xctest */;
			productType = "com.apple.product-type.bundle.ui-testing";
		};
/* End PBXNativeTarget section */

/* Begin PBXProject section */
		1BE962FD1D0EB11A00511EB0 /* Project object */ = {
			isa = PBXProject;
			attributes = {
				LastUpgradeCheck = 0710;
				ORGANIZATIONNAME = "Verve Technology Services PTE Ltd.";
				TargetAttributes = {
					1BE963041D0EB11A00511EB0 = {
						CreatedOnToolsVersion = 7.1;
						DevelopmentTeam = 6D6RMJW37U;
					};
					1BE963201D0EB11A00511EB0 = {
						CreatedOnToolsVersion = 7.1;
						TestTargetID = 1BE963041D0EB11A00511EB0;
					};
					1BE9632B1D0EB11A00511EB0 = {
						CreatedOnToolsVersion = 7.1;
						TestTargetID = 1BE963041D0EB11A00511EB0;
					};
				};
			};
			buildConfigurationList = 1BE963001D0EB11A00511EB0 /* Build configuration list for PBXProject "QDC_PoC" */;
			compatibilityVersion = "Xcode 3.2";
			developmentRegion = English;
			hasScannedForEncodings = 0;
			knownRegions = (
				en,
				Base,
			);
			mainGroup = 1BE962FC1D0EB11A00511EB0;
			productRefGroup = 1BE963061D0EB11A00511EB0 /* Products */;
			projectDirPath = "";
			projectRoot = "";
			targets = (
				1BE963041D0EB11A00511EB0 /* QDC_PoC */,
				1BE963201D0EB11A00511EB0 /* QDC_PoCTests */,
				1BE9632B1D0EB11A00511EB0 /* QDC_PoCUITests */,
			);
		};
/* End PBXProject section */

/* Begin PBXResourcesBuildPhase section */
		1BE963031D0EB11A00511EB0 /* Resources */ = {
			isa = PBXResourcesBuildPhase;
			buildActionMask = 2147483647;
			files = (
				1BF19F2A1D13D4350069D7AA /* Main.storyboard in Resources */,
				1BEDBF801D12A9CA009131A0 /* Progress@2x.png in Resources */,
				1BE9634B1D0EDC0100511EB0 /* portfolia.png in Resources */,
				1BEC08731D0FE2E3008CF17F /* 1242x2208.jpg in Resources */,
				1BE9633F1D0EB25300511EB0 /* logo.png in Resources */,
				1BE9631B1D0EB11A00511EB0 /* LaunchScreen.storyboard in Resources */,
				1BE9635F1D0EE42D00511EB0 /* KVNProgressView.xib in Resources */,
				1BEDBF7A1D12A5B3009131A0 /* Progress1.png in Resources */,
				1BE963431D0EB63B00511EB0 /* team.png in Resources */,
				1BEC088B1D101A75008CF17F /* Info.plist in Resources */,
				1BE963181D0EB11A00511EB0 /* Assets.xcassets in Resources */,
				1BEC08781D1003DE008CF17F /* QDC_TempData.plist in Resources */,
				1BEDBF7E1D12A9A9009131A0 /* pending@2x.png in Resources */,
				1BEDBF7C1D12A8B0009131A0 /* completed@2x.png in Resources */,
				CBEE5C2C1D16C4C00056C30E /* all_updated1@2x.png in Resources */,
				CBEE5C2E1D16C5160056C30E /* all_up@2x.png in Resources */,
				CBEE5C261D16C3B10056C30E /* all_updated.png in Resources */,
				1BE963491D0EDB4C00511EB0 /* organisation.png in Resources */,
				1BE963471D0EDA4400511EB0 /* company_profile.png in Resources */,
				CBEE5C2A1D16C49C0056C30E /* all_updated1.png in Resources */,
				1BED80421D1160D400D72355 /* UserDatabase.sqlite in Resources */,
				1BE963451D0ED36300511EB0 /* management.png in Resources */,
				1BE963411D0EB59C00511EB0 /* client.png in Resources */,
				1BEDBF781D129194009131A0 /* bug@2x.png in Resources */,
			);
			runOnlyForDeploymentPostprocessing = 0;
		};
		1BE9631F1D0EB11A00511EB0 /* Resources */ = {
			isa = PBXResourcesBuildPhase;
			buildActionMask = 2147483647;
			files = (
			);
			runOnlyForDeploymentPostprocessing = 0;
		};
		1BE9632A1D0EB11A00511EB0 /* Resources */ = {
			isa = PBXResourcesBuildPhase;
			buildActionMask = 2147483647;
			files = (
			);
			runOnlyForDeploymentPostprocessing = 0;
		};
/* End PBXResourcesBuildPhase section */

/* Begin PBXSourcesBuildPhase section */
		1BE963011D0EB11A00511EB0 /* Sources */ = {
			isa = PBXSourcesBuildPhase;
			buildActionMask = 2147483647;
			files = (
				1BE9635C1D0EE42D00511EB0 /* UIColor+KVNContrast.m in Sources */,
				1BF19F211D13CB960069D7AA /* OverallStatusTableViewController.m in Sources */,
				1BEC08761D0FF20F008CF17F /* ProjectListingTableViewCell.m in Sources */,
				1BE963101D0EB11A00511EB0 /* ViewController.m in Sources */,
				1BEC08861D101A75008CF17F /* FMDatabase.m in Sources */,
				1BE963521D0EE3C200511EB0 /* KVNProgressConfiguration.m in Sources */,
				1BE963161D0EB11A00511EB0 /* QDC_PoC.xcdatamodeld in Sources */,
				1BEC088A1D101A75008CF17F /* FMResultSet.m in Sources */,
				1BF19FCA1D14349D0069D7AA /* PNLineChartDataItem.m in Sources */,
				1BE963511D0EE3C200511EB0 /* KVNProgress.m in Sources */,
				1BF19FB71D1434280069D7AA /* PNPieChartDataItem.m in Sources */,
				1BE9630D1D0EB11A00511EB0 /* AppDelegate.m in Sources */,
				1BEDBF711D128C62009131A0 /* MainTabBarController.m in Sources */,
				1BF19FB61D1434280069D7AA /* PNPieChart.m in Sources */,
				1BF19FBD1D14344A0069D7AA /* PNGenericChart.m in Sources */,
				1BF19F2D1D13D98B0069D7AA /* ProInfoTableViewCell.m in Sources */,
				1BE963651D0EE6DD00511EB0 /* BIZCircularTransitionAnimator.m in Sources */,
				1BEC08931D103270008CF17F /* ProjectDetails.m in Sources */,
				1BE9635E1D0EE42D00511EB0 /* UIImage+KVNImageEffects.m in Sources */,
				1BE9630A1D0EB11A00511EB0 /* main.m in Sources */,
				1BF19F291D13D24D0069D7AA /* ProjectDetailsTableViewCell.m in Sources */,
				1BF19FC11D14346F0069D7AA /* PNLineChart.m in Sources */,
				1BA775CB1D18121A0072953B /* SharedObj.m in Sources */,
				1BEDBF741D128E42009131A0 /* CompletedViewController.m in Sources */,
				1BF19F7C1D142D320069D7AA /* XYPieChart.m in Sources */,
				1BF19FBA1D1434380069D7AA /* PNColor.m in Sources */,
				1BE963661D0EE6DD00511EB0 /* BIZCircularTransitionHandler.m in Sources */,
				1BE963691D0EE74F00511EB0 /* ProjectListingTableViewController.m in Sources */,
				1BEC08881D101A75008CF17F /* FMDatabasePool.m in Sources */,
				1BEC08891D101A75008CF17F /* FMDatabaseQueue.m in Sources */,
				1BE9635D1D0EE42D00511EB0 /* UIImage+KVNEmpty.m in Sources */,
				1BF19FC41D1434800069D7AA /* PNChartLabel.m in Sources */,
				1BF19FC71D1434900069D7AA /* PNLineChartData.m in Sources */,
				1BEC08871D101A75008CF17F /* FMDatabaseAdditions.m in Sources */,
			);
			runOnlyForDeploymentPostprocessing = 0;
		};
		1BE9631D1D0EB11A00511EB0 /* Sources */ = {
			isa = PBXSourcesBuildPhase;
			buildActionMask = 2147483647;
			files = (
				1BE963261D0EB11A00511EB0 /* QDC_PoCTests.m in Sources */,
			);
			runOnlyForDeploymentPostprocessing = 0;
		};
		1BE963281D0EB11A00511EB0 /* Sources */ = {
			isa = PBXSourcesBuildPhase;
			buildActionMask = 2147483647;
			files = (
				1BE963311D0EB11A00511EB0 /* QDC_PoCUITests.m in Sources */,
			);
			runOnlyForDeploymentPostprocessing = 0;
		};
/* End PBXSourcesBuildPhase section */

/* Begin PBXTargetDependency section */
		1BE963231D0EB11A00511EB0 /* PBXTargetDependency */ = {
			isa = PBXTargetDependency;
			target = 1BE963041D0EB11A00511EB0 /* QDC_PoC */;
			targetProxy = 1BE963221D0EB11A00511EB0 /* PBXContainerItemProxy */;
		};
		1BE9632E1D0EB11A00511EB0 /* PBXTargetDependency */ = {
			isa = PBXTargetDependency;
			target = 1BE963041D0EB11A00511EB0 /* QDC_PoC */;
			targetProxy = 1BE9632D1D0EB11A00511EB0 /* PBXContainerItemProxy */;
		};
/* End PBXTargetDependency section */

/* Begin PBXVariantGroup section */
		1BE963111D0EB11A00511EB0 /* Main.storyboard */ = {
			isa = PBXVariantGroup;
			children = (
				1BE963121D0EB11A00511EB0 /* Base */,
			);
			name = Main.storyboard;
			sourceTree = "<group>";
		};
		1BE963191D0EB11A00511EB0 /* LaunchScreen.storyboard */ = {
			isa = PBXVariantGroup;
			children = (
				1BE9631A1D0EB11A00511EB0 /* Base */,
			);
			name = LaunchScreen.storyboard;
			sourceTree = "<group>";
		};
/* End PBXVariantGroup section */

/* Begin XCBuildConfiguration section */
		1BE963331D0EB11A00511EB0 /* Debug */ = {
			isa = XCBuildConfiguration;
			buildSettings = {
				ALWAYS_SEARCH_USER_PATHS = NO;
				CLANG_CXX_LANGUAGE_STANDARD = "gnu++0x";
				CLANG_CXX_LIBRARY = "libc++";
				CLANG_ENABLE_MODULES = YES;
				CLANG_ENABLE_OBJC_ARC = YES;
				CLANG_WARN_BOOL_CONVERSION = YES;
				CLANG_WARN_CONSTANT_CONVERSION = YES;
				CLANG_WARN_DIRECT_OBJC_ISA_USAGE = YES_ERROR;
				CLANG_WARN_EMPTY_BODY = YES;
				CLANG_WARN_ENUM_CONVERSION = YES;
				CLANG_WARN_INT_CONVERSION = YES;
				CLANG_WARN_OBJC_ROOT_CLASS = YES_ERROR;
				CLANG_WARN_UNREACHABLE_CODE = YES;
				CLANG_WARN__DUPLICATE_METHOD_MATCH = YES;
				"CODE_SIGN_IDENTITY[sdk=iphoneos*]" = "iPhone Developer";
				COPY_PHASE_STRIP = NO;
				DEBUG_INFORMATION_FORMAT = dwarf;
				ENABLE_STRICT_OBJC_MSGSEND = YES;
				ENABLE_TESTABILITY = YES;
				GCC_C_LANGUAGE_STANDARD = gnu99;
				GCC_DYNAMIC_NO_PIC = NO;
				GCC_NO_COMMON_BLOCKS = YES;
				GCC_OPTIMIZATION_LEVEL = 0;
				GCC_PREPROCESSOR_DEFINITIONS = (
					"DEBUG=1",
					"$(inherited)",
				);
				GCC_WARN_64_TO_32_BIT_CONVERSION = YES;
				GCC_WARN_ABOUT_RETURN_TYPE = YES_ERROR;
				GCC_WARN_UNDECLARED_SELECTOR = YES;
				GCC_WARN_UNINITIALIZED_AUTOS = YES_AGGRESSIVE;
				GCC_WARN_UNUSED_FUNCTION = YES;
				GCC_WARN_UNUSED_VARIABLE = YES;
				IPHONEOS_DEPLOYMENT_TARGET = 9.1;
				MTL_ENABLE_DEBUG_INFO = YES;
				ONLY_ACTIVE_ARCH = YES;
				SDKROOT = iphoneos;
				TARGETED_DEVICE_FAMILY = "1,2";
			};
			name = Debug;
		};
		1BE963341D0EB11A00511EB0 /* Release */ = {
			isa = XCBuildConfiguration;
			buildSettings = {
				ALWAYS_SEARCH_USER_PATHS = NO;
				CLANG_CXX_LANGUAGE_STANDARD = "gnu++0x";
				CLANG_CXX_LIBRARY = "libc++";
				CLANG_ENABLE_MODULES = YES;
				CLANG_ENABLE_OBJC_ARC = YES;
				CLANG_WARN_BOOL_CONVERSION = YES;
				CLANG_WARN_CONSTANT_CONVERSION = YES;
				CLANG_WARN_DIRECT_OBJC_ISA_USAGE = YES_ERROR;
				CLANG_WARN_EMPTY_BODY = YES;
				CLANG_WARN_ENUM_CONVERSION = YES;
				CLANG_WARN_INT_CONVERSION = YES;
				CLANG_WARN_OBJC_ROOT_CLASS = YES_ERROR;
				CLANG_WARN_UNREACHABLE_CODE = YES;
				CLANG_WARN__DUPLICATE_METHOD_MATCH = YES;
				"CODE_SIGN_IDENTITY[sdk=iphoneos*]" = "iPhone Developer";
				COPY_PHASE_STRIP = NO;
				DEBUG_INFORMATION_FORMAT = "dwarf-with-dsym";
				ENABLE_NS_ASSERTIONS = NO;
				ENABLE_STRICT_OBJC_MSGSEND = YES;
				GCC_C_LANGUAGE_STANDARD = gnu99;
				GCC_NO_COMMON_BLOCKS = YES;
				GCC_WARN_64_TO_32_BIT_CONVERSION = YES;
				GCC_WARN_ABOUT_RETURN_TYPE = YES_ERROR;
				GCC_WARN_UNDECLARED_SELECTOR = YES;
				GCC_WARN_UNINITIALIZED_AUTOS = YES_AGGRESSIVE;
				GCC_WARN_UNUSED_FUNCTION = YES;
				GCC_WARN_UNUSED_VARIABLE = YES;
				IPHONEOS_DEPLOYMENT_TARGET = 9.1;
				MTL_ENABLE_DEBUG_INFO = NO;
				SDKROOT = iphoneos;
				TARGETED_DEVICE_FAMILY = "1,2";
				VALIDATE_PRODUCT = YES;
			};
			name = Release;
		};
		1BE963361D0EB11A00511EB0 /* Debug */ = {
			isa = XCBuildConfiguration;
			buildSettings = {
				ASSETCATALOG_COMPILER_APPICON_NAME = AppIcon;
				CODE_SIGN_IDENTITY = "iPhone Developer";
				"CODE_SIGN_IDENTITY[sdk=iphoneos*]" = "iPhone Developer";
				INFOPLIST_FILE = QDC_PoC/Info.plist;
				LD_RUNPATH_SEARCH_PATHS = "$(inherited) @executable_path/Frameworks";
				PRODUCT_BUNDLE_IDENTIFIER = "com.npstech.QDC-PoC";
				PRODUCT_NAME = "$(TARGET_NAME)";
				PROVISIONING_PROFILE = "";
			};
			name = Debug;
		};
		1BE963371D0EB11A00511EB0 /* Release */ = {
			isa = XCBuildConfiguration;
			buildSettings = {
				ASSETCATALOG_COMPILER_APPICON_NAME = AppIcon;
				CODE_SIGN_IDENTITY = "iPhone Developer";
				"CODE_SIGN_IDENTITY[sdk=iphoneos*]" = "iPhone Developer";
				INFOPLIST_FILE = QDC_PoC/Info.plist;
				LD_RUNPATH_SEARCH_PATHS = "$(inherited) @executable_path/Frameworks";
				PRODUCT_BUNDLE_IDENTIFIER = "com.npstech.QDC-PoC";
				PRODUCT_NAME = "$(TARGET_NAME)";
				PROVISIONING_PROFILE = "";
			};
			name = Release;
		};
		1BE963391D0EB11A00511EB0 /* Debug */ = {
			isa = XCBuildConfiguration;
			buildSettings = {
				BUNDLE_LOADER = "$(TEST_HOST)";
				INFOPLIST_FILE = QDC_PoCTests/Info.plist;
				LD_RUNPATH_SEARCH_PATHS = "$(inherited) @executable_path/Frameworks @loader_path/Frameworks";
				PRODUCT_BUNDLE_IDENTIFIER = "com.npstech.QDC-PoCTests";
				PRODUCT_NAME = "$(TARGET_NAME)";
				TEST_HOST = "$(BUILT_PRODUCTS_DIR)/QDC_PoC.app/QDC_PoC";
			};
			name = Debug;
		};
		1BE9633A1D0EB11A00511EB0 /* Release */ = {
			isa = XCBuildConfiguration;
			buildSettings = {
				BUNDLE_LOADER = "$(TEST_HOST)";
				INFOPLIST_FILE = QDC_PoCTests/Info.plist;
				LD_RUNPATH_SEARCH_PATHS = "$(inherited) @executable_path/Frameworks @loader_path/Frameworks";
				PRODUCT_BUNDLE_IDENTIFIER = "com.npstech.QDC-PoCTests";
				PRODUCT_NAME = "$(TARGET_NAME)";
				TEST_HOST = "$(BUILT_PRODUCTS_DIR)/QDC_PoC.app/QDC_PoC";
			};
			name = Release;
		};
		1BE9633C1D0EB11A00511EB0 /* Debug */ = {
			isa = XCBuildConfiguration;
			buildSettings = {
				INFOPLIST_FILE = QDC_PoCUITests/Info.plist;
				LD_RUNPATH_SEARCH_PATHS = "$(inherited) @executable_path/Frameworks @loader_path/Frameworks";
				PRODUCT_BUNDLE_IDENTIFIER = "com.npstech.QDC-PoCUITests";
				PRODUCT_NAME = "$(TARGET_NAME)";
				TEST_TARGET_NAME = QDC_PoC;
				USES_XCTRUNNER = YES;
			};
			name = Debug;
		};
		1BE9633D1D0EB11A00511EB0 /* Release */ = {
			isa = XCBuildConfiguration;
			buildSettings = {
				INFOPLIST_FILE = QDC_PoCUITests/Info.plist;
				LD_RUNPATH_SEARCH_PATHS = "$(inherited) @executable_path/Frameworks @loader_path/Frameworks";
				PRODUCT_BUNDLE_IDENTIFIER = "com.npstech.QDC-PoCUITests";
				PRODUCT_NAME = "$(TARGET_NAME)";
				TEST_TARGET_NAME = QDC_PoC;
				USES_XCTRUNNER = YES;
			};
			name = Release;
		};
/* End XCBuildConfiguration section */

/* Begin XCConfigurationList section */
		1BE963001D0EB11A00511EB0 /* Build configuration list for PBXProject "QDC_PoC" */ = {
			isa = XCConfigurationList;
			buildConfigurations = (
				1BE963331D0EB11A00511EB0 /* Debug */,
				1BE963341D0EB11A00511EB0 /* Release */,
			);
			defaultConfigurationIsVisible = 0;
			defaultConfigurationName = Release;
		};
		1BE963351D0EB11A00511EB0 /* Build configuration list for PBXNativeTarget "QDC_PoC" */ = {
			isa = XCConfigurationList;
			buildConfigurations = (
				1BE963361D0EB11A00511EB0 /* Debug */,
				1BE963371D0EB11A00511EB0 /* Release */,
			);
			defaultConfigurationIsVisible = 0;
			defaultConfigurationName = Release;
		};
		1BE963381D0EB11A00511EB0 /* Build configuration list for PBXNativeTarget "QDC_PoCTests" */ = {
			isa = XCConfigurationList;
			buildConfigurations = (
				1BE963391D0EB11A00511EB0 /* Debug */,
				1BE9633A1D0EB11A00511EB0 /* Release */,
			);
			defaultConfigurationIsVisible = 0;
			defaultConfigurationName = Release;
		};
		1BE9633B1D0EB11A00511EB0 /* Build configuration list for PBXNativeTarget "QDC_PoCUITests" */ = {
			isa = XCConfigurationList;
			buildConfigurations = (
				1BE9633C1D0EB11A00511EB0 /* Debug */,
				1BE9633D1D0EB11A00511EB0 /* Release */,
			);
			defaultConfigurationIsVisible = 0;
			defaultConfigurationName = Release;
		};
/* End XCConfigurationList section */

/* Begin XCVersionGroup section */
		1BE963141D0EB11A00511EB0 /* QDC_PoC.xcdatamodeld */ = {
			isa = XCVersionGroup;
			children = (
				1BE963151D0EB11A00511EB0 /* QDC_PoC.xcdatamodel */,
			);
			currentVersion = 1BE963151D0EB11A00511EB0 /* QDC_PoC.xcdatamodel */;
			path = QDC_PoC.xcdatamodeld;
			sourceTree = "<group>";
			versionGroupType = wrapper.xcdatamodel;
		};
/* End XCVersionGroup section */
	};
	rootObject = 1BE962FD1D0EB11A00511EB0 /* Project object */;
}
